
Microsoft Visual Studio Solution File, Format Version 12.00
# Visual Studio Version 17
VisualStudioVersion = 17.1.32210.238
MinimumVisualStudioVersion = 10.0.40219.1
Project("{8BC9CEB8-8B4A-11D0-8D11-00A0C91BC942}") = "ControlFreak-Game", "ControlFreak-Game\ControlFreak-Game.vcxproj", "{AC4AF4BB-E06F-4B06-8A39-FBE2DDCB59AE}"
EndProject
Global
	GlobalSection(SolutionConfigurationPlatforms) = preSolution
		Debug|x64 = Debug|x64
		Debug|x86 = Debug|x86
		Release|x64 = Release|x64
		Release|x86 = Release|x86
	EndGlobalSection
	GlobalSection(ProjectConfigurationPlatforms) = postSolution
		{AC4AF4BB-E06F-4B06-8A39-FBE2DDCB59AE}.Debug|x64.ActiveCfg = Debug|x64
		{AC4AF4BB-E06F-4B06-8A39-FBE2DDCB59AE}.Debug|x64.Build.0 = Debug|x64
		{AC4AF4BB-E06F-4B06-8A39-FBE2DDCB59AE}.Debug|x86.ActiveCfg = Debug|Win32
		{AC4AF4BB-E06F-4B06-8A39-FBE2DDCB59AE}.Debug|x86.Build.0 = Debug|Win32
		{AC4AF4BB-E06F-4B06-8A39-FBE2DDCB59AE}.Release|x64.ActiveCfg = Release|x64
		{AC4AF4BB-E06F-4B06-8A39-FBE2DDCB59AE}.Release|x64.Build.0 = Release|x64
		{AC4AF4BB-E06F-4B06-8A39-FBE2DDCB59AE}.Release|x86.ActiveCfg = Release|Win32
		{AC4AF4BB-E06F-4B06-8A39-FBE2DDCB59AE}.Release|x86.Build.0 = Release|Win32
	EndGlobalSection
	GlobalSection(SolutionProperties) = preSolution
		HideSolutionNode = FALSE
	EndGlobalSection
	GlobalSection(ExtensibilityGlobals) = postSolution
		SolutionGuid = {5AB9F33B-6AE9-4C3A-A886-6A9C0159F6DF}
	EndGlobalSection
EndGlobal
